{
  "pins" : [
    {
      "identity" : "differ",
      "kind" : "remoteSourceControl",
      "location" : "https://github.com/appunite/Differ",
      "state" : {
        "revision" : "747d0cce14e8c4e4c52f9267c909d3845494822b",
        "version" : "1.4.6"
      }
    },
    {
      "identity" : "rxswift",
      "kind" : "remoteSourceControl",
      "location" : "https://github.com/ReactiveX/RxSwift",
      "state" : {
        "revision" : "c7c7d2cf50a3211fe2843f76869c698e4e417930",
        "version" : "6.8.0"
      }
    },
    {
      "identity" : "stefan",
      "kind" : "remoteSourceControl",
      "location" : "https://github.com/appunite/Stefan",
      "state" : {
        "revision" : "61cae818efba2c23e94f544ac2c289d35becae78",
        "version" : "0.4.1"
      }
    }
  ],
  "version" : 2
}
